
Microsoft Visual Studio Solution File, Format Version 12.00
# Visual Studio Version 17
VisualStudioVersion = 17.6.33815.320
MinimumVisualStudioVersion = 10.0.40219.1
Project("{FAE04EC0-301F-11D3-BF4B-00C04F79EFBC}") = "DocuSignPoc", "DocuSignPoc\DocuSignPoc.csproj", "{7C94CB46-60B0-484F-8DBB-7788D312A561}"
EndProject
Global
	GlobalSection(SolutionConfigurationPlatforms) = preSolution
		Debug|Any CPU = Debug|Any CPU
		Release|Any CPU = Release|Any CPU
	EndGlobalSection
	GlobalSection(ProjectConfigurationPlatforms) = postSolution
		{7C94CB46-60B0-484F-8DBB-7788D312A561}.Debug|Any CPU.ActiveCfg = Debug|Any CPU
		{7C94CB46-60B0-484F-8DBB-7788D312A561}.Debug|Any CPU.Build.0 = Debug|Any CPU
		{7C94CB46-60B0-484F-8DBB-7788D312A561}.Release|Any CPU.ActiveCfg = Release|Any CPU
		{7C94CB46-60B0-484F-8DBB-7788D312A561}.Release|Any CPU.Build.0 = Release|Any CPU
	EndGlobalSection
	GlobalSection(SolutionProperties) = preSolution
		HideSolutionNode = FALSE
	EndGlobalSection
	GlobalSection(ExtensibilityGlobals) = postSolution
		SolutionGuid = {8C2A3A48-664E-49F0-A68E-10677C79DF8B}
	EndGlobalSection
EndGlobal
